
Microsoft Visual Studio Solution File, Format Version 12.00
# Visual Studio Version 16
VisualStudioVersion = 16.0.810.9
MinimumVisualStudioVersion = 10.0.40219.1
Project("{FAE04EC0-301F-11D3-BF4B-00C04F79EFBC}") = "EVDictionary", "EVDictionary.csproj", "{5608B7C9-5169-41B9-964F-3594FF20FF62}"
EndProject
Global
	GlobalSection(SolutionConfigurationPlatforms) = preSolution
		Debug|Any CPU = Debug|Any CPU
		Release|Any CPU = Release|Any CPU
	EndGlobalSection
	GlobalSection(ProjectConfigurationPlatforms) = postSolution
		{5608B7C9-5169-41B9-964F-3594FF20FF62}.Debug|Any CPU.ActiveCfg = Debug|Any CPU
		{5608B7C9-5169-41B9-964F-3594FF20FF62}.Debug|Any CPU.Build.0 = Debug|Any CPU
		{5608B7C9-5169-41B9-964F-3594FF20FF62}.Release|Any CPU.ActiveCfg = Release|Any CPU
		{5608B7C9-5169-41B9-964F-3594FF20FF62}.Release|Any CPU.Build.0 = Release|Any CPU
	EndGlobalSection
	GlobalSection(SolutionProperties) = preSolution
		HideSolutionNode = FALSE
	EndGlobalSection
	GlobalSection(ExtensibilityGlobals) = postSolution
		SolutionGuid = {BF689D29-6E87-43A4-B43C-637C533FBAC5}
	EndGlobalSection
EndGlobal
