
Microsoft Visual Studio Solution File, Format Version 12.00
# Visual Studio Version 16
VisualStudioVersion = 16.0.810.9
MinimumVisualStudioVersion = 10.0.40219.1
Project("{FAE04EC0-301F-11D3-BF4B-00C04F79EFBC}") = "MvcMovie", "MvcMovie.csproj", "{A5817B93-4B99-4767-8E5D-0D4B4FAB4C38}"
EndProject
Global
	GlobalSection(SolutionConfigurationPlatforms) = preSolution
		Debug|Any CPU = Debug|Any CPU
		Release|Any CPU = Release|Any CPU
	EndGlobalSection
	GlobalSection(ProjectConfigurationPlatforms) = postSolution
		{A5817B93-4B99-4767-8E5D-0D4B4FAB4C38}.Debug|Any CPU.ActiveCfg = Debug|Any CPU
		{A5817B93-4B99-4767-8E5D-0D4B4FAB4C38}.Debug|Any CPU.Build.0 = Debug|Any CPU
		{A5817B93-4B99-4767-8E5D-0D4B4FAB4C38}.Release|Any CPU.ActiveCfg = Release|Any CPU
		{A5817B93-4B99-4767-8E5D-0D4B4FAB4C38}.Release|Any CPU.Build.0 = Release|Any CPU
	EndGlobalSection
	GlobalSection(SolutionProperties) = preSolution
		HideSolutionNode = FALSE
	EndGlobalSection
	GlobalSection(ExtensibilityGlobals) = postSolution
		SolutionGuid = {2C0615EB-0780-40AF-BA8D-C2FF60C5548C}
	EndGlobalSection
EndGlobal
